
Microsoft Visual Studio Solution File, Format Version 12.00
# Visual Studio 15
VisualStudioVersion = 15.0.28307.489
MinimumVisualStudioVersion = 10.0.40219.1
Project("{FAE04EC0-301F-11D3-BF4B-00C04F79EFBC}") = "RenameTest", "RenameTest\RenameTest.csproj", "{21A87925-FF87-43A5-BE84-4EBB350DAE6C}"
EndProject
Global
	GlobalSection(SolutionConfigurationPlatforms) = preSolution
		Debug|Any CPU = Debug|Any CPU
		Release|Any CPU = Release|Any CPU
	EndGlobalSection
	GlobalSection(ProjectConfigurationPlatforms) = postSolution
		{21A87925-FF87-43A5-BE84-4EBB350DAE6C}.Debug|Any CPU.ActiveCfg = Debug|Any CPU
		{21A87925-FF87-43A5-BE84-4EBB350DAE6C}.Debug|Any CPU.Build.0 = Debug|Any CPU
		{21A87925-FF87-43A5-BE84-4EBB350DAE6C}.Release|Any CPU.ActiveCfg = Release|Any CPU
		{21A87925-FF87-43A5-BE84-4EBB350DAE6C}.Release|Any CPU.Build.0 = Release|Any CPU
	EndGlobalSection
	GlobalSection(SolutionProperties) = preSolution
		HideSolutionNode = FALSE
	EndGlobalSection
	GlobalSection(ExtensibilityGlobals) = postSolution
		SolutionGuid = {04CEDA38-7334-42AE-AC5B-E5A793505233}
	EndGlobalSection
EndGlobal
